// !$*UTF8*$!
{
	archiveVersion = 1;
	classes = {
	};
	objectVersion = 50;
	objects = {

/* Begin PBXBuildFile section */
		A31EAB9E26A962E800BB04B7 /* JSONLoader.swift in Sources */ = {isa = PBXBuildFile; fileRef = A31EAB9D26A962E800BB04B7 /* JSONLoader.swift */; };
		A31EABA026A963F600BB04B7 /* modelData.json in Resources */ = {isa = PBXBuildFile; fileRef = A31EAB9F26A963F600BB04B7 /* modelData.json */; };
		A31EABA226A9643600BB04B7 /* SimulationView.swift in Sources */ = {isa = PBXBuildFile; fileRef = A31EABA126A9643600BB04B7 /* SimulationView.swift */; };
		A31EABA426A9646A00BB04B7 /* CoreDataManager.swift in Sources */ = {isa = PBXBuildFile; fileRef = A31EABA326A9646A00BB04B7 /* CoreDataManager.swift */; };
		A343F84226A95F3A00452CF6 /* stargazersApp.swift in Sources */ = {isa = PBXBuildFile; fileRef = A343F84126A95F3A00452CF6 /* stargazersApp.swift */; };
		A343F84426A95F3A00452CF6 /* ContentView.swift in Sources */ = {isa = PBXBuildFile; fileRef = A343F84326A95F3A00452CF6 /* ContentView.swift */; };
		A343F84626A95F3B00452CF6 /* Assets.xcassets in Resources */ = {isa = PBXBuildFile; fileRef = A343F84526A95F3B00452CF6 /* Assets.xcassets */; };
		A343F84926A95F3B00452CF6 /* Preview Assets.xcassets in Resources */ = {isa = PBXBuildFile; fileRef = A343F84826A95F3B00452CF6 /* Preview Assets.xcassets */; };
/* End PBXBuildFile section */

/* Begin PBXFileReference section */
		A31EAB9D26A962E800BB04B7 /* JSONLoader.swift */ = {isa = PBXFileReference; lastKnownFileType = sourcecode.swift; path = JSONLoader.swift; sourceTree = "<group>"; };
		A31EAB9F26A963F600BB04B7 /* modelData.json */ = {isa = PBXFileReference; fileEncoding = 4; lastKnownFileType = text.json; path = modelData.json; sourceTree = "<group>"; };
		A31EABA126A9643600BB04B7 /* SimulationView.swift */ = {isa = PBXFileReference; lastKnownFileType = sourcecode.swift; path = SimulationView.swift; sourceTree = "<group>"; };
		A31EABA326A9646A00BB04B7 /* CoreDataManager.swift */ = {isa = PBXFileReference; lastKnownFileType = sourcecode.swift; path = CoreDataManager.swift; sourceTree = "<group>"; };
		A343F83E26A95F3A00452CF6 /* stargazers.app */ = {isa = PBXFileReference; explicitFileType = wrapper.application; includeInIndex = 0; path = stargazers.app; sourceTree = BUILT_PRODUCTS_DIR; };
		A343F84126A95F3A00452CF6 /* stargazersApp.swift */ = {isa = PBXFileReference; lastKnownFileType = sourcecode.swift; path = stargazersApp.swift; sourceTree = "<group>"; };
		A343F84326A95F3A00452CF6 /* ContentView.swift */ = {isa = PBXFileReference; lastKnownFileType = sourcecode.swift; path = ContentView.swift; sourceTree = "<group>"; };
		A343F84526A95F3B00452CF6 /* Assets.xcassets */ = {isa = PBXFileReference; lastKnownFileType = folder.assetcatalog; path = Assets.xcassets; sourceTree = "<group>"; };
		A343F84826A95F3B00452CF6 /* Preview Assets.xcassets */ = {isa = PBXFileReference; lastKnownFileType = folder.assetcatalog; path = "Preview Assets.xcassets"; sourceTree = "<group>"; };
		A343F84A26A95F3B00452CF6 /* Info.plist */ = {isa = PBXFileReference; lastKnownFileType = text.plist.xml; path = Info.plist; sourceTree = "<group>"; };
/* End PBXFileReference section */

/* Begin PBXFrameworksBuildPhase section */
		A343F83B26A95F3A00452CF6 /* Frameworks */ = {
			isa = PBXFrameworksBuildPhase;
			buildActionMask = 2147483647;
			files = (
			);
			runOnlyForDeploymentPostprocessing = 0;
		};
/* End PBXFrameworksBuildPhase section */

/* Begin PBXGroup section */
		A31EAB9926A9627A00BB04B7 /* Resources */ = {
			isa = PBXGroup;
			children = (
				A31EAB9F26A963F600BB04B7 /* modelData.json */,
			);
			path = Resources;
			sourceTree = "<group>";
		};
		A31EAB9A26A9628900BB04B7 /* Utilities */ = {
			isa = PBXGroup;
			children = (
				A31EAB9D26A962E800BB04B7 /* JSONLoader.swift */,
				A31EABA326A9646A00BB04B7 /* CoreDataManager.swift */,
			);
			path = Utilities;
			sourceTree = "<group>";
		};
		A31EAB9B26A9629200BB04B7 /* Features */ = {
			isa = PBXGroup;
			children = (
				A31EAB9C26A9629A00BB04B7 /* Simulation */,
			);
			path = Features;
			sourceTree = "<group>";
		};
		A31EAB9C26A9629A00BB04B7 /* Simulation */ = {
			isa = PBXGroup;
			children = (
				A31EABA126A9643600BB04B7 /* SimulationView.swift */,
			);
			path = Simulation;
			sourceTree = "<group>";
		};
		A343F83526A95F3A00452CF6 = {
			isa = PBXGroup;
			children = (
				A343F84026A95F3A00452CF6 /* stargazers */,
				A343F83F26A95F3A00452CF6 /* Products */,
			);
			sourceTree = "<group>";
		};
		A343F83F26A95F3A00452CF6 /* Products */ = {
			isa = PBXGroup;
			children = (
				A343F83E26A95F3A00452CF6 /* stargazers.app */,
			);
			name = Products;
			sourceTree = "<group>";
		};
		A343F84026A95F3A00452CF6 /* stargazers */ = {
			isa = PBXGroup;
			children = (
				A343F84126A95F3A00452CF6 /* stargazersApp.swift */,
				A343F84326A95F3A00452CF6 /* ContentView.swift */,
				A31EAB9B26A9629200BB04B7 /* Features */,
				A31EAB9A26A9628900BB04B7 /* Utilities */,
				A31EAB9926A9627A00BB04B7 /* Resources */,
				A343F84526A95F3B00452CF6 /* Assets.xcassets */,
				A343F84A26A95F3B00452CF6 /* Info.plist */,
				A343F84726A95F3B00452CF6 /* Preview Content */,
			);
			path = stargazers;
			sourceTree = "<group>";
		};
		A343F84726A95F3B00452CF6 /* Preview Content */ = {
			isa = PBXGroup;
			children = (
				A343F84826A95F3B00452CF6 /* Preview Assets.xcassets */,
			);
			path = "Preview Content";
			sourceTree = "<group>";
		};
/* End PBXGroup section */

/* Begin PBXNativeTarget section */
		A343F83D26A95F3A00452CF6 /* stargazers */ = {
			isa = PBXNativeTarget;
			buildConfigurationList = A343F84D26A95F3B00452CF6 /* Build configuration list for PBXNativeTarget "stargazers" */;
			buildPhases = (
				A343F83A26A95F3A00452CF6 /* Sources */,
				A343F83B26A95F3A00452CF6 /* Frameworks */,
				A343F83C26A95F3A00452CF6 /* Resources */,
			);
			buildRules = (
			);
			dependencies = (
			);
			name = stargazers;
			productName = stargazers;
			productReference = A343F83E26A95F3A00452CF6 /* stargazers.app */;
			productType = "com.apple.product-type.application";
		};
/* End PBXNativeTarget section */

/* Begin PBXProject section */
		A343F83626A95F3A00452CF6 /* Project object */ = {
			isa = PBXProject;
			attributes = {
				LastSwiftUpdateCheck = 1250;
				LastUpgradeCheck = 1250;
				TargetAttributes = {
					A343F83D26A95F3A00452CF6 = {
						CreatedOnToolsVersion = 12.5.1;
					};
				};
			};
			buildConfigurationList = A343F83926A95F3A00452CF6 /* Build configuration list for PBXProject "stargazers" */;
			compatibilityVersion = "Xcode 9.3";
			developmentRegion = en;
			hasScannedForEncodings = 0;
			knownRegions = (
				en,
				Base,
			);
			mainGroup = A343F83526A95F3A00452CF6;
			productRefGroup = A343F83F26A95F3A00452CF6 /* Products */;
			projectDirPath = "";
			projectRoot = "";
			targets = (
				A343F83D26A95F3A00452CF6 /* stargazers */,
			);
		};
/* End PBXProject section */

/* Begin PBXResourcesBuildPhase section */
		A343F83C26A95F3A00452CF6 /* Resources */ = {
			isa = PBXResourcesBuildPhase;
			buildActionMask = 2147483647;
			files = (
				A343F84926A95F3B00452CF6 /* Preview Assets.xcassets in Resources */,
				A343F84626A95F3B00452CF6 /* Assets.xcassets in Resources */,
				A31EABA026A963F600BB04B7 /* modelData.json in Resources */,
			);
			runOnlyForDeploymentPostprocessing = 0;
		};
/* End PBXResourcesBuildPhase section */

/* Begin PBXSourcesBuildPhase section */
		A343F83A26A95F3A00452CF6 /* Sources */ = {
			isa = PBXSourcesBuildPhase;
			buildActionMask = 2147483647;
			files = (
				A343F84426A95F3A00452CF6 /* ContentView.swift in Sources */,
				A343F84226A95F3A00452CF6 /* stargazersApp.swift in Sources */,
				A31EAB9E26A962E800BB04B7 /* JSONLoader.swift in Sources */,
				A31EABA426A9646A00BB04B7 /* CoreDataManager.swift in Sources */,
				A31EABA226A9643600BB04B7 /* SimulationView.swift in Sources */,
			);
			runOnlyForDeploymentPostprocessing = 0;
		};
/* End PBXSourcesBuildPhase section */

/* Begin XCBuildConfiguration section */
		A343F84B26A95F3B00452CF6 /* Debug */ = {
			isa = XCBuildConfiguration;
			buildSettings = {
				ALWAYS_SEARCH_USER_PATHS = NO;
				CLANG_ANALYZER_NONNULL = YES;
				CLANG_ANALYZER_NUMBER_OBJECT_CONVERSION = YES_AGGRESSIVE;
				CLANG_CXX_LANGUAGE_STANDARD = "gnu++14";
				CLANG_CXX_LIBRARY = "libc++";
				CLANG_ENABLE_MODULES = YES;
				CLANG_ENABLE_OBJC_ARC = YES;
				CLANG_ENABLE_OBJC_WEAK = YES;
				CLANG_WARN_BLOCK_CAPTURE_AUTORELEASING = YES;
				CLANG_WARN_BOOL_CONVERSION = YES;
				CLANG_WARN_COMMA = YES;
				CLANG_WARN_CONSTANT_CONVERSION = YES;
				CLANG_WARN_DEPRECATED_OBJC_IMPLEMENTATIONS = YES;
				CLANG_WARN_DIRECT_OBJC_ISA_USAGE = YES_ERROR;
				CLANG_WARN_DOCUMENTATION_COMMENTS = YES;
				CLANG_WARN_EMPTY_BODY = YES;
				CLANG_WARN_ENUM_CONVERSION = YES;
				CLANG_WARN_INFINITE_RECURSION = YES;
				CLANG_WARN_INT_CONVERSION = YES;
				CLANG_WARN_NON_LITERAL_NULL_CONVERSION = YES;
				CLANG_WARN_OBJC_IMPLICIT_RETAIN_SELF = YES;
				CLANG_WARN_OBJC_LITERAL_CONVERSION = YES;
				CLANG_WARN_OBJC_ROOT_CLASS = YES_ERROR;
				CLANG_WARN_QUOTED_INCLUDE_IN_FRAMEWORK_HEADER = YES;
				CLANG_WARN_RANGE_LOOP_ANALYSIS = YES;
				CLANG_WARN_STRICT_PROTOTYPES = YES;
				CLANG_WARN_SUSPICIOUS_MOVE = YES;
				CLANG_WARN_UNGUARDED_AVAILABILITY = YES_AGGRESSIVE;
				CLANG_WARN_UNREACHABLE_CODE = YES;
				CLANG_WARN__DUPLICATE_METHOD_MATCH = YES;
				COPY_PHASE_STRIP = NO;
				DEBUG_INFORMATION_FORMAT = dwarf;
				ENABLE_STRICT_OBJC_MSGSEND = YES;
				ENABLE_TESTABILITY = YES;
				GCC_C_LANGUAGE_STANDARD = gnu11;
				GCC_DYNAMIC_NO_PIC = NO;
				GCC_NO_COMMON_BLOCKS = YES;
				GCC_OPTIMIZATION_LEVEL = 0;
				GCC_PREPROCESSOR_DEFINITIONS = (
					"DEBUG=1",
					"$(inherited)",
				);
				GCC_WARN_64_TO_32_BIT_CONVERSION = YES;
				GCC_WARN_ABOUT_RETURN_TYPE = YES_ERROR;
				GCC_WARN_UNDECLARED_SELECTOR = YES;
				GCC_WARN_UNINITIALIZED_AUTOS = YES_AGGRESSIVE;
				GCC_WARN_UNUSED_FUNCTION = YES;
				GCC_WARN_UNUSED_VARIABLE = YES;
				IPHONEOS_DEPLOYMENT_TARGET = 14.5;
				MTL_ENABLE_DEBUG_INFO = INCLUDE_SOURCE;
				MTL_FAST_MATH = YES;
				ONLY_ACTIVE_ARCH = YES;
				SDKROOT = iphoneos;
				SWIFT_ACTIVE_COMPILATION_CONDITIONS = DEBUG;
				SWIFT_OPTIMIZATION_LEVEL = "-Onone";
			};
			name = Debug;
		};
		A343F84C26A95F3B00452CF6 /* Release */ = {
			isa = XCBuildConfiguration;
			buildSettings = {
				ALWAYS_SEARCH_USER_PATHS = NO;
				CLANG_ANALYZER_NONNULL = YES;
				CLANG_ANALYZER_NUMBER_OBJECT_CONVERSION = YES_AGGRESSIVE;
				CLANG_CXX_LANGUAGE_STANDARD = "gnu++14";
				CLANG_CXX_LIBRARY = "libc++";
				CLANG_ENABLE_MODULES = YES;
				CLANG_ENABLE_OBJC_ARC = YES;
				CLANG_ENABLE_OBJC_WEAK = YES;
				CLANG_WARN_BLOCK_CAPTURE_AUTORELEASING = YES;
				CLANG_WARN_BOOL_CONVERSION = YES;
				CLANG_WARN_COMMA = YES;
				CLANG_WARN_CONSTANT_CONVERSION = YES;
				CLANG_WARN_DEPRECATED_OBJC_IMPLEMENTATIONS = YES;
				CLANG_WARN_DIRECT_OBJC_ISA_USAGE = YES_ERROR;
				CLANG_WARN_DOCUMENTATION_COMMENTS = YES;
				CLANG_WARN_EMPTY_BODY = YES;
				CLANG_WARN_ENUM_CONVERSION = YES;
				CLANG_WARN_INFINITE_RECURSION = YES;
				CLANG_WARN_INT_CONVERSION = YES;
				CLANG_WARN_NON_LITERAL_NULL_CONVERSION = YES;
				CLANG_WARN_OBJC_IMPLICIT_RETAIN_SELF = YES;
				CLANG_WARN_OBJC_LITERAL_CONVERSION = YES;
				CLANG_WARN_OBJC_ROOT_CLASS = YES_ERROR;
				CLANG_WARN_QUOTED_INCLUDE_IN_FRAMEWORK_HEADER = YES;
				CLANG_WARN_RANGE_LOOP_ANALYSIS = YES;
				CLANG_WARN_STRICT_PROTOTYPES = YES;
				CLANG_WARN_SUSPICIOUS_MOVE = YES;
				CLANG_WARN_UNGUARDED_AVAILABILITY = YES_AGGRESSIVE;
				CLANG_WARN_UNREACHABLE_CODE = YES;
				CLANG_WARN__DUPLICATE_METHOD_MATCH = YES;
				COPY_PHASE_STRIP = NO;
				DEBUG_INFORMATION_FORMAT = "dwarf-with-dsym";
				ENABLE_NS_ASSERTIONS = NO;
				ENABLE_STRICT_OBJC_MSGSEND = YES;
				GCC_C_LANGUAGE_STANDARD = gnu11;
				GCC_NO_COMMON_BLOCKS = YES;
				GCC_WARN_64_TO_32_BIT_CONVERSION = YES;
				GCC_WARN_ABOUT_RETURN_TYPE = YES_ERROR;
				GCC_WARN_UNDECLARED_SELECTOR = YES;
				GCC_WARN_UNINITIALIZED_AUTOS = YES_AGGRESSIVE;
				GCC_WARN_UNUSED_FUNCTION = YES;
				GCC_WARN_UNUSED_VARIABLE = YES;
				IPHONEOS_DEPLOYMENT_TARGET = 14.5;
				MTL_ENABLE_DEBUG_INFO = NO;
				MTL_FAST_MATH = YES;
				SDKROOT = iphoneos;
				SWIFT_COMPILATION_MODE = wholemodule;
				SWIFT_OPTIMIZATION_LEVEL = "-O";
				VALIDATE_PRODUCT = YES;
			};
			name = Release;
		};
		A343F84E26A95F3B00452CF6 /* Debug */ = {
			isa = XCBuildConfiguration;
			buildSettings = {
				ASSETCATALOG_COMPILER_APPICON_NAME = AppIcon;
				ASSETCATALOG_COMPILER_GLOBAL_ACCENT_COLOR_NAME = AccentColor;
				CODE_SIGN_STYLE = Automatic;
				DEVELOPMENT_ASSET_PATHS = "\"stargazers/Preview Content\"";
				DEVELOPMENT_TEAM = 6C2BH8A6B8;
				ENABLE_PREVIEWS = YES;
				INFOPLIST_FILE = stargazers/Info.plist;
				IPHONEOS_DEPLOYMENT_TARGET = 14.0;
				LD_RUNPATH_SEARCH_PATHS = (
					"$(inherited)",
					"@executable_path/Frameworks",
				);
				PRODUCT_BUNDLE_IDENTIFIER = sim.fabio.fms.stargazers;
				PRODUCT_NAME = "$(TARGET_NAME)";
				SWIFT_VERSION = 5.0;
				TARGETED_DEVICE_FAMILY = "1,2";
			};
			name = Debug;
		};
		A343F84F26A95F3B00452CF6 /* Release */ = {
			isa = XCBuildConfiguration;
			buildSettings = {
				ASSETCATALOG_COMPILER_APPICON_NAME = AppIcon;
				ASSETCATALOG_COMPILER_GLOBAL_ACCENT_COLOR_NAME = AccentColor;
				CODE_SIGN_STYLE = Automatic;
				DEVELOPMENT_ASSET_PATHS = "\"stargazers/Preview Content\"";
				DEVELOPMENT_TEAM = 6C2BH8A6B8;
				ENABLE_PREVIEWS = YES;
				INFOPLIST_FILE = stargazers/Info.plist;
				IPHONEOS_DEPLOYMENT_TARGET = 14.0;
				LD_RUNPATH_SEARCH_PATHS = (
					"$(inherited)",
					"@executable_path/Frameworks",
				);
				PRODUCT_BUNDLE_IDENTIFIER = sim.fabio.fms.stargazers;
				PRODUCT_NAME = "$(TARGET_NAME)";
				SWIFT_VERSION = 5.0;
				TARGETED_DEVICE_FAMILY = "1,2";
			};
			name = Release;
		};
/* End XCBuildConfiguration section */

/* Begin XCConfigurationList section */
		A343F83926A95F3A00452CF6 /* Build configuration list for PBXProject "stargazers" */ = {
			isa = XCConfigurationList;
			buildConfigurations = (
				A343F84B26A95F3B00452CF6 /* Debug */,
				A343F84C26A95F3B00452CF6 /* Release */,
			);
			defaultConfigurationIsVisible = 0;
			defaultConfigurationName = Release;
		};
		A343F84D26A95F3B00452CF6 /* Build configuration list for PBXNativeTarget "stargazers" */ = {
			isa = XCConfigurationList;
			buildConfigurations = (
				A343F84E26A95F3B00452CF6 /* Debug */,
				A343F84F26A95F3B00452CF6 /* Release */,
			);
			defaultConfigurationIsVisible = 0;
			defaultConfigurationName = Release;
		};
/* End XCConfigurationList section */
	};
	rootObject = A343F83626A95F3A00452CF6 /* Project object */;
}
